// !$*UTF8*$!
{
	archiveVersion = 1;
	classes = {
	};
	objectVersion = 56;
	objects = {

/* Begin PBXBuildFile section */
		7FBB4DAC2A7A3D5400C94636 /* BlurView.swift in Sources */ = {isa = PBXBuildFile; fileRef = 7FBB4DAB2A7A3D5400C94636 /* BlurView.swift */; };
		7FBB4DAE2A7A43EB00C94636 /* AllChatsView.swift in Sources */ = {isa = PBXBuildFile; fileRef = 7FBB4DAD2A7A43EB00C94636 /* AllChatsView.swift */; };
		7FBB4DB02A7A44C900C94636 /* RecentMessage.swift in Sources */ = {isa = PBXBuildFile; fileRef = 7FBB4DAF2A7A44C900C94636 /* RecentMessage.swift */; };
		7FBB4DB22A7A45BD00C94636 /* Message.swift in Sources */ = {isa = PBXBuildFile; fileRef = 7FBB4DB12A7A45BD00C94636 /* Message.swift */; };
		7FBB4DB42A7A4A8600C94636 /* RecentCardView.swift in Sources */ = {isa = PBXBuildFile; fileRef = 7FBB4DB32A7A4A8600C94636 /* RecentCardView.swift */; };
		7FBB4DB62A7A595200C94636 /* DetailView.swift in Sources */ = {isa = PBXBuildFile; fileRef = 7FBB4DB52A7A595200C94636 /* DetailView.swift */; };
		7FBD3F582A78453A0012ED39 /* Telegram_MacAppApp.swift in Sources */ = {isa = PBXBuildFile; fileRef = 7FBD3F572A78453A0012ED39 /* Telegram_MacAppApp.swift */; };
		7FBD3F5A2A78453A0012ED39 /* ContentView.swift in Sources */ = {isa = PBXBuildFile; fileRef = 7FBD3F592A78453A0012ED39 /* ContentView.swift */; };
		7FBD3F5C2A78453D0012ED39 /* Assets.xcassets in Resources */ = {isa = PBXBuildFile; fileRef = 7FBD3F5B2A78453D0012ED39 /* Assets.xcassets */; };
		7FBD3F5F2A78453D0012ED39 /* Preview Assets.xcassets in Resources */ = {isa = PBXBuildFile; fileRef = 7FBD3F5E2A78453D0012ED39 /* Preview Assets.xcassets */; };
		7FBD3F672A7848C30012ED39 /* Home.swift in Sources */ = {isa = PBXBuildFile; fileRef = 7FBD3F662A7848C30012ED39 /* Home.swift */; };
		7FBD3F692A78490C0012ED39 /* TabButton.swift in Sources */ = {isa = PBXBuildFile; fileRef = 7FBD3F682A78490C0012ED39 /* TabButton.swift */; };
		7FBD3F6B2A784C4C0012ED39 /* HomeViewModel.swift in Sources */ = {isa = PBXBuildFile; fileRef = 7FBD3F6A2A784C4C0012ED39 /* HomeViewModel.swift */; };
/* End PBXBuildFile section */

/* Begin PBXFileReference section */
		7FBB4DAB2A7A3D5400C94636 /* BlurView.swift */ = {isa = PBXFileReference; lastKnownFileType = sourcecode.swift; path = BlurView.swift; sourceTree = "<group>"; };
		7FBB4DAD2A7A43EB00C94636 /* AllChatsView.swift */ = {isa = PBXFileReference; lastKnownFileType = sourcecode.swift; path = AllChatsView.swift; sourceTree = "<group>"; };
		7FBB4DAF2A7A44C900C94636 /* RecentMessage.swift */ = {isa = PBXFileReference; lastKnownFileType = sourcecode.swift; path = RecentMessage.swift; sourceTree = "<group>"; };
		7FBB4DB12A7A45BD00C94636 /* Message.swift */ = {isa = PBXFileReference; lastKnownFileType = sourcecode.swift; path = Message.swift; sourceTree = "<group>"; };
		7FBB4DB32A7A4A8600C94636 /* RecentCardView.swift */ = {isa = PBXFileReference; lastKnownFileType = sourcecode.swift; path = RecentCardView.swift; sourceTree = "<group>"; };
		7FBB4DB52A7A595200C94636 /* DetailView.swift */ = {isa = PBXFileReference; lastKnownFileType = sourcecode.swift; path = DetailView.swift; sourceTree = "<group>"; };
		7FBD3F542A78453A0012ED39 /* Telegram_MacApp.app */ = {isa = PBXFileReference; explicitFileType = wrapper.application; includeInIndex = 0; path = Telegram_MacApp.app; sourceTree = BUILT_PRODUCTS_DIR; };
		7FBD3F572A78453A0012ED39 /* Telegram_MacAppApp.swift */ = {isa = PBXFileReference; lastKnownFileType = sourcecode.swift; path = Telegram_MacAppApp.swift; sourceTree = "<group>"; };
		7FBD3F592A78453A0012ED39 /* ContentView.swift */ = {isa = PBXFileReference; lastKnownFileType = sourcecode.swift; path = ContentView.swift; sourceTree = "<group>"; };
		7FBD3F5B2A78453D0012ED39 /* Assets.xcassets */ = {isa = PBXFileReference; lastKnownFileType = folder.assetcatalog; path = Assets.xcassets; sourceTree = "<group>"; };
		7FBD3F5E2A78453D0012ED39 /* Preview Assets.xcassets */ = {isa = PBXFileReference; lastKnownFileType = folder.assetcatalog; path = "Preview Assets.xcassets"; sourceTree = "<group>"; };
		7FBD3F602A78453D0012ED39 /* Telegram_MacApp.entitlements */ = {isa = PBXFileReference; lastKnownFileType = text.plist.entitlements; path = Telegram_MacApp.entitlements; sourceTree = "<group>"; };
		7FBD3F662A7848C30012ED39 /* Home.swift */ = {isa = PBXFileReference; lastKnownFileType = sourcecode.swift; path = Home.swift; sourceTree = "<group>"; };
		7FBD3F682A78490C0012ED39 /* TabButton.swift */ = {isa = PBXFileReference; lastKnownFileType = sourcecode.swift; path = TabButton.swift; sourceTree = "<group>"; };
		7FBD3F6A2A784C4C0012ED39 /* HomeViewModel.swift */ = {isa = PBXFileReference; lastKnownFileType = sourcecode.swift; path = HomeViewModel.swift; sourceTree = "<group>"; };
/* End PBXFileReference section */

/* Begin PBXFrameworksBuildPhase section */
		7FBD3F512A78453A0012ED39 /* Frameworks */ = {
			isa = PBXFrameworksBuildPhase;
			buildActionMask = 2147483647;
			files = (
			);
			runOnlyForDeploymentPostprocessing = 0;
		};
/* End PBXFrameworksBuildPhase section */

/* Begin PBXGroup section */
		7FBD3F4B2A78453A0012ED39 = {
			isa = PBXGroup;
			children = (
				7FBD3F562A78453A0012ED39 /* Telegram_MacApp */,
				7FBD3F552A78453A0012ED39 /* Products */,
			);
			sourceTree = "<group>";
		};
		7FBD3F552A78453A0012ED39 /* Products */ = {
			isa = PBXGroup;
			children = (
				7FBD3F542A78453A0012ED39 /* Telegram_MacApp.app */,
			);
			name = Products;
			sourceTree = "<group>";
		};
		7FBD3F562A78453A0012ED39 /* Telegram_MacApp */ = {
			isa = PBXGroup;
			children = (
				7FBD3F572A78453A0012ED39 /* Telegram_MacAppApp.swift */,
				7FBB4DAB2A7A3D5400C94636 /* BlurView.swift */,
				7FBD3F592A78453A0012ED39 /* ContentView.swift */,
				7FBD3F5B2A78453D0012ED39 /* Assets.xcassets */,
				7FBD3F602A78453D0012ED39 /* Telegram_MacApp.entitlements */,
				7FBD3F5D2A78453D0012ED39 /* Preview Content */,
				7FBD3F662A7848C30012ED39 /* Home.swift */,
				7FBD3F682A78490C0012ED39 /* TabButton.swift */,
				7FBD3F6A2A784C4C0012ED39 /* HomeViewModel.swift */,
				7FBB4DAD2A7A43EB00C94636 /* AllChatsView.swift */,
				7FBB4DAF2A7A44C900C94636 /* RecentMessage.swift */,
				7FBB4DB12A7A45BD00C94636 /* Message.swift */,
				7FBB4DB32A7A4A8600C94636 /* RecentCardView.swift */,
				7FBB4DB52A7A595200C94636 /* DetailView.swift */,
			);
			path = Telegram_MacApp;
			sourceTree = "<group>";
		};
		7FBD3F5D2A78453D0012ED39 /* Preview Content */ = {
			isa = PBXGroup;
			children = (
				7FBD3F5E2A78453D0012ED39 /* Preview Assets.xcassets */,
			);
			path = "Preview Content";
			sourceTree = "<group>";
		};
/* End PBXGroup section */

/* Begin PBXNativeTarget section */
		7FBD3F532A78453A0012ED39 /* Telegram_MacApp */ = {
			isa = PBXNativeTarget;
			buildConfigurationList = 7FBD3F632A78453D0012ED39 /* Build configuration list for PBXNativeTarget "Telegram_MacApp" */;
			buildPhases = (
				7FBD3F502A78453A0012ED39 /* Sources */,
				7FBD3F512A78453A0012ED39 /* Frameworks */,
				7FBD3F522A78453A0012ED39 /* Resources */,
			);
			buildRules = (
			);
			dependencies = (
			);
			name = Telegram_MacApp;
			productName = Telegram_MacApp;
			productReference = 7FBD3F542A78453A0012ED39 /* Telegram_MacApp.app */;
			productType = "com.apple.product-type.application";
		};
/* End PBXNativeTarget section */

/* Begin PBXProject section */
		7FBD3F4C2A78453A0012ED39 /* Project object */ = {
			isa = PBXProject;
			attributes = {
				BuildIndependentTargetsInParallel = 1;
				LastSwiftUpdateCheck = 1430;
				LastUpgradeCheck = 1430;
				TargetAttributes = {
					7FBD3F532A78453A0012ED39 = {
						CreatedOnToolsVersion = 14.3.1;
					};
				};
			};
			buildConfigurationList = 7FBD3F4F2A78453A0012ED39 /* Build configuration list for PBXProject "Telegram_MacApp" */;
			compatibilityVersion = "Xcode 14.0";
			developmentRegion = en;
			hasScannedForEncodings = 0;
			knownRegions = (
				en,
				Base,
			);
			mainGroup = 7FBD3F4B2A78453A0012ED39;
			productRefGroup = 7FBD3F552A78453A0012ED39 /* Products */;
			projectDirPath = "";
			projectRoot = "";
			targets = (
				7FBD3F532A78453A0012ED39 /* Telegram_MacApp */,
			);
		};
/* End PBXProject section */

/* Begin PBXResourcesBuildPhase section */
		7FBD3F522A78453A0012ED39 /* Resources */ = {
			isa = PBXResourcesBuildPhase;
			buildActionMask = 2147483647;
			files = (
				7FBD3F5F2A78453D0012ED39 /* Preview Assets.xcassets in Resources */,
				7FBD3F5C2A78453D0012ED39 /* Assets.xcassets in Resources */,
			);
			runOnlyForDeploymentPostprocessing = 0;
		};
/* End PBXResourcesBuildPhase section */

/* Begin PBXSourcesBuildPhase section */
		7FBD3F502A78453A0012ED39 /* Sources */ = {
			isa = PBXSourcesBuildPhase;
			buildActionMask = 2147483647;
			files = (
				7FBB4DAE2A7A43EB00C94636 /* AllChatsView.swift in Sources */,
				7FBD3F5A2A78453A0012ED39 /* ContentView.swift in Sources */,
				7FBD3F672A7848C30012ED39 /* Home.swift in Sources */,
				7FBB4DB22A7A45BD00C94636 /* Message.swift in Sources */,
				7FBD3F692A78490C0012ED39 /* TabButton.swift in Sources */,
				7FBB4DB62A7A595200C94636 /* DetailView.swift in Sources */,
				7FBB4DB02A7A44C900C94636 /* RecentMessage.swift in Sources */,
				7FBD3F6B2A784C4C0012ED39 /* HomeViewModel.swift in Sources */,
				7FBB4DB42A7A4A8600C94636 /* RecentCardView.swift in Sources */,
				7FBD3F582A78453A0012ED39 /* Telegram_MacAppApp.swift in Sources */,
				7FBB4DAC2A7A3D5400C94636 /* BlurView.swift in Sources */,
			);
			runOnlyForDeploymentPostprocessing = 0;
		};
/* End PBXSourcesBuildPhase section */

/* Begin XCBuildConfiguration section */
		7FBD3F612A78453D0012ED39 /* Debug */ = {
			isa = XCBuildConfiguration;
			buildSettings = {
				ALWAYS_SEARCH_USER_PATHS = NO;
				CLANG_ANALYZER_NONNULL = YES;
				CLANG_ANALYZER_NUMBER_OBJECT_CONVERSION = YES_AGGRESSIVE;
				CLANG_CXX_LANGUAGE_STANDARD = "gnu++20";
				CLANG_ENABLE_MODULES = YES;
				CLANG_ENABLE_OBJC_ARC = YES;
				CLANG_ENABLE_OBJC_WEAK = YES;
				CLANG_WARN_BLOCK_CAPTURE_AUTORELEASING = YES;
				CLANG_WARN_BOOL_CONVERSION = YES;
				CLANG_WARN_COMMA = YES;
				CLANG_WARN_CONSTANT_CONVERSION = YES;
				CLANG_WARN_DEPRECATED_OBJC_IMPLEMENTATIONS = YES;
				CLANG_WARN_DIRECT_OBJC_ISA_USAGE = YES_ERROR;
				CLANG_WARN_DOCUMENTATION_COMMENTS = YES;
				CLANG_WARN_EMPTY_BODY = YES;
				CLANG_WARN_ENUM_CONVERSION = YES;
				CLANG_WARN_INFINITE_RECURSION = YES;
				CLANG_WARN_INT_CONVERSION = YES;
				CLANG_WARN_NON_LITERAL_NULL_CONVERSION = YES;
				CLANG_WARN_OBJC_IMPLICIT_RETAIN_SELF = YES;
				CLANG_WARN_OBJC_LITERAL_CONVERSION = YES;
				CLANG_WARN_OBJC_ROOT_CLASS = YES_ERROR;
				CLANG_WARN_QUOTED_INCLUDE_IN_FRAMEWORK_HEADER = YES;
				CLANG_WARN_RANGE_LOOP_ANALYSIS = YES;
				CLANG_WARN_STRICT_PROTOTYPES = YES;
				CLANG_WARN_SUSPICIOUS_MOVE = YES;
				CLANG_WARN_UNGUARDED_AVAILABILITY = YES_AGGRESSIVE;
				CLANG_WARN_UNREACHABLE_CODE = YES;
				CLANG_WARN__DUPLICATE_METHOD_MATCH = YES;
				COPY_PHASE_STRIP = NO;
				DEBUG_INFORMATION_FORMAT = dwarf;
				ENABLE_STRICT_OBJC_MSGSEND = YES;
				ENABLE_TESTABILITY = YES;
				GCC_C_LANGUAGE_STANDARD = gnu11;
				GCC_DYNAMIC_NO_PIC = NO;
				GCC_NO_COMMON_BLOCKS = YES;
				GCC_OPTIMIZATION_LEVEL = 0;
				GCC_PREPROCESSOR_DEFINITIONS = (
					"DEBUG=1",
					"$(inherited)",
				);
				GCC_WARN_64_TO_32_BIT_CONVERSION = YES;
				GCC_WARN_ABOUT_RETURN_TYPE = YES_ERROR;
				GCC_WARN_UNDECLARED_SELECTOR = YES;
				GCC_WARN_UNINITIALIZED_AUTOS = YES_AGGRESSIVE;
				GCC_WARN_UNUSED_FUNCTION = YES;
				GCC_WARN_UNUSED_VARIABLE = YES;
				MACOSX_DEPLOYMENT_TARGET = 13.3;
				MTL_ENABLE_DEBUG_INFO = INCLUDE_SOURCE;
				MTL_FAST_MATH = YES;
				ONLY_ACTIVE_ARCH = YES;
				SDKROOT = macosx;
				SWIFT_ACTIVE_COMPILATION_CONDITIONS = DEBUG;
				SWIFT_OPTIMIZATION_LEVEL = "-Onone";
			};
			name = Debug;
		};
		7FBD3F622A78453D0012ED39 /* Release */ = {
			isa = XCBuildConfiguration;
			buildSettings = {
				ALWAYS_SEARCH_USER_PATHS = NO;
				CLANG_ANALYZER_NONNULL = YES;
				CLANG_ANALYZER_NUMBER_OBJECT_CONVERSION = YES_AGGRESSIVE;
				CLANG_CXX_LANGUAGE_STANDARD = "gnu++20";
				CLANG_ENABLE_MODULES = YES;
				CLANG_ENABLE_OBJC_ARC = YES;
				CLANG_ENABLE_OBJC_WEAK = YES;
				CLANG_WARN_BLOCK_CAPTURE_AUTORELEASING = YES;
				CLANG_WARN_BOOL_CONVERSION = YES;
				CLANG_WARN_COMMA = YES;
				CLANG_WARN_CONSTANT_CONVERSION = YES;
				CLANG_WARN_DEPRECATED_OBJC_IMPLEMENTATIONS = YES;
				CLANG_WARN_DIRECT_OBJC_ISA_USAGE = YES_ERROR;
				CLANG_WARN_DOCUMENTATION_COMMENTS = YES;
				CLANG_WARN_EMPTY_BODY = YES;
				CLANG_WARN_ENUM_CONVERSION = YES;
				CLANG_WARN_INFINITE_RECURSION = YES;
				CLANG_WARN_INT_CONVERSION = YES;
				CLANG_WARN_NON_LITERAL_NULL_CONVERSION = YES;
				CLANG_WARN_OBJC_IMPLICIT_RETAIN_SELF = YES;
				CLANG_WARN_OBJC_LITERAL_CONVERSION = YES;
				CLANG_WARN_OBJC_ROOT_CLASS = YES_ERROR;
				CLANG_WARN_QUOTED_INCLUDE_IN_FRAMEWORK_HEADER = YES;
				CLANG_WARN_RANGE_LOOP_ANALYSIS = YES;
				CLANG_WARN_STRICT_PROTOTYPES = YES;
				CLANG_WARN_SUSPICIOUS_MOVE = YES;
				CLANG_WARN_UNGUARDED_AVAILABILITY = YES_AGGRESSIVE;
				CLANG_WARN_UNREACHABLE_CODE = YES;
				CLANG_WARN__DUPLICATE_METHOD_MATCH = YES;
				COPY_PHASE_STRIP = NO;
				DEBUG_INFORMATION_FORMAT = "dwarf-with-dsym";
				ENABLE_NS_ASSERTIONS = NO;
				ENABLE_STRICT_OBJC_MSGSEND = YES;
				GCC_C_LANGUAGE_STANDARD = gnu11;
				GCC_NO_COMMON_BLOCKS = YES;
				GCC_WARN_64_TO_32_BIT_CONVERSION = YES;
				GCC_WARN_ABOUT_RETURN_TYPE = YES_ERROR;
				GCC_WARN_UNDECLARED_SELECTOR = YES;
				GCC_WARN_UNINITIALIZED_AUTOS = YES_AGGRESSIVE;
				GCC_WARN_UNUSED_FUNCTION = YES;
				GCC_WARN_UNUSED_VARIABLE = YES;
				MACOSX_DEPLOYMENT_TARGET = 13.3;
				MTL_ENABLE_DEBUG_INFO = NO;
				MTL_FAST_MATH = YES;
				SDKROOT = macosx;
				SWIFT_COMPILATION_MODE = wholemodule;
				SWIFT_OPTIMIZATION_LEVEL = "-O";
			};
			name = Release;
		};
		7FBD3F642A78453D0012ED39 /* Debug */ = {
			isa = XCBuildConfiguration;
			buildSettings = {
				ASSETCATALOG_COMPILER_APPICON_NAME = AppIcon;
				ASSETCATALOG_COMPILER_GLOBAL_ACCENT_COLOR_NAME = AccentColor;
				CODE_SIGN_ENTITLEMENTS = Telegram_MacApp/Telegram_MacApp.entitlements;
				CODE_SIGN_STYLE = Automatic;
				COMBINE_HIDPI_IMAGES = YES;
				CURRENT_PROJECT_VERSION = 1;
				DEVELOPMENT_ASSET_PATHS = "\"Telegram_MacApp/Preview Content\"";
				DEVELOPMENT_TEAM = 2BWS35SAJK;
				ENABLE_HARDENED_RUNTIME = YES;
				ENABLE_PREVIEWS = YES;
				GENERATE_INFOPLIST_FILE = YES;
				INFOPLIST_KEY_NSHumanReadableCopyright = "";
				LD_RUNPATH_SEARCH_PATHS = (
					"$(inherited)",
					"@executable_path/../Frameworks",
				);
				MARKETING_VERSION = 1.0;
				PRODUCT_BUNDLE_IDENTIFIER = "se.iappie.Telegram-MacApp";
				PRODUCT_NAME = "$(TARGET_NAME)";
				SWIFT_EMIT_LOC_STRINGS = YES;
				SWIFT_VERSION = 5.0;
			};
			name = Debug;
		};
		7FBD3F652A78453D0012ED39 /* Release */ = {
			isa = XCBuildConfiguration;
			buildSettings = {
				ASSETCATALOG_COMPILER_APPICON_NAME = AppIcon;
				ASSETCATALOG_COMPILER_GLOBAL_ACCENT_COLOR_NAME = AccentColor;
				CODE_SIGN_ENTITLEMENTS = Telegram_MacApp/Telegram_MacApp.entitlements;
				CODE_SIGN_STYLE = Automatic;
				COMBINE_HIDPI_IMAGES = YES;
				CURRENT_PROJECT_VERSION = 1;
				DEVELOPMENT_ASSET_PATHS = "\"Telegram_MacApp/Preview Content\"";
				DEVELOPMENT_TEAM = 2BWS35SAJK;
				ENABLE_HARDENED_RUNTIME = YES;
				ENABLE_PREVIEWS = YES;
				GENERATE_INFOPLIST_FILE = YES;
				INFOPLIST_KEY_NSHumanReadableCopyright = "";
				LD_RUNPATH_SEARCH_PATHS = (
					"$(inherited)",
					"@executable_path/../Frameworks",
				);
				MARKETING_VERSION = 1.0;
				PRODUCT_BUNDLE_IDENTIFIER = "se.iappie.Telegram-MacApp";
				PRODUCT_NAME = "$(TARGET_NAME)";
				SWIFT_EMIT_LOC_STRINGS = YES;
				SWIFT_VERSION = 5.0;
			};
			name = Release;
		};
/* End XCBuildConfiguration section */

/* Begin XCConfigurationList section */
		7FBD3F4F2A78453A0012ED39 /* Build configuration list for PBXProject "Telegram_MacApp" */ = {
			isa = XCConfigurationList;
			buildConfigurations = (
				7FBD3F612A78453D0012ED39 /* Debug */,
				7FBD3F622A78453D0012ED39 /* Release */,
			);
			defaultConfigurationIsVisible = 0;
			defaultConfigurationName = Release;
		};
		7FBD3F632A78453D0012ED39 /* Build configuration list for PBXNativeTarget "Telegram_MacApp" */ = {
			isa = XCConfigurationList;
			buildConfigurations = (
				7FBD3F642A78453D0012ED39 /* Debug */,
				7FBD3F652A78453D0012ED39 /* Release */,
			);
			defaultConfigurationIsVisible = 0;
			defaultConfigurationName = Release;
		};
/* End XCConfigurationList section */
	};
	rootObject = 7FBD3F4C2A78453A0012ED39 /* Project object */;
}
